
Microsoft Visual Studio Solution File, Format Version 12.00
# Visual Studio Version 17
VisualStudioVersion = 17.11.35431.28
MinimumVisualStudioVersion = 10.0.40219.1
Project("{2150E333-8FDC-42A3-9474-1A3956D46DE8}") = "Churras", "Churras", "{4E8A77AF-18F9-481E-8EFF-77255A70B051}"
EndProject
Project("{2150E333-8FDC-42A3-9474-1A3956D46DE8}") = "Kernel", "Kernel", "{5CC740C6-1DF2-4A65-AF6B-85119F1F9483}"
EndProject
Project("{FAE04EC0-301F-11D3-BF4B-00C04F79EFBC}") = "Empresa.Churras.Domain", "Empresa.Churras.Domain\Empresa.Churras.Domain.csproj", "{00FC91E3-DC52-43B3-98B8-A28D0994D44B}"
EndProject
Project("{FAE04EC0-301F-11D3-BF4B-00C04F79EFBC}") = "Empresa.Churras.Domain.Model", "Empresa.Churras.Domain.Model\Empresa.Churras.Domain.Model.csproj", "{4CA807D9-1381-4F20-8A18-6705EDBF980D}"
EndProject
Project("{FAE04EC0-301F-11D3-BF4B-00C04F79EFBC}") = "Empresa.Churras.Infra", "Empresa.Churras.Infra\Empresa.Churras.Infra.csproj", "{4036EBA6-7882-4298-B1CC-79967BC772D4}"
EndProject
Project("{FAE04EC0-301F-11D3-BF4B-00C04F79EFBC}") = "Empresa.Churras.Tests", "Empresa.Churras.Tests\Empresa.Churras.Tests.csproj", "{16EF86F5-97B3-49BE-9B48-9D9B94A9C073}"
EndProject
Project("{FAE04EC0-301F-11D3-BF4B-00C04F79EFBC}") = "Empresa.Churras.Api", "Empresa.Churras.Api\Empresa.Churras.Api.csproj", "{7C9C9AF3-90AD-48A0-AACD-A5C687512FA6}"
EndProject
Project("{FAE04EC0-301F-11D3-BF4B-00C04F79EFBC}") = "Empresa.Churras.Front", "Empresa.Churras.Front\Empresa.Churras.Front.csproj", "{4A544BE3-B697-46F5-B3F6-B357ECFF09CE}"
EndProject
Global
	GlobalSection(SolutionConfigurationPlatforms) = preSolution
		Debug|Any CPU = Debug|Any CPU
		Release|Any CPU = Release|Any CPU
	EndGlobalSection
	GlobalSection(ProjectConfigurationPlatforms) = postSolution
		{00FC91E3-DC52-43B3-98B8-A28D0994D44B}.Debug|Any CPU.ActiveCfg = Debug|Any CPU
		{00FC91E3-DC52-43B3-98B8-A28D0994D44B}.Debug|Any CPU.Build.0 = Debug|Any CPU
		{00FC91E3-DC52-43B3-98B8-A28D0994D44B}.Release|Any CPU.ActiveCfg = Release|Any CPU
		{00FC91E3-DC52-43B3-98B8-A28D0994D44B}.Release|Any CPU.Build.0 = Release|Any CPU
		{4CA807D9-1381-4F20-8A18-6705EDBF980D}.Debug|Any CPU.ActiveCfg = Debug|Any CPU
		{4CA807D9-1381-4F20-8A18-6705EDBF980D}.Debug|Any CPU.Build.0 = Debug|Any CPU
		{4CA807D9-1381-4F20-8A18-6705EDBF980D}.Release|Any CPU.ActiveCfg = Release|Any CPU
		{4CA807D9-1381-4F20-8A18-6705EDBF980D}.Release|Any CPU.Build.0 = Release|Any CPU
		{4036EBA6-7882-4298-B1CC-79967BC772D4}.Debug|Any CPU.ActiveCfg = Debug|Any CPU
		{4036EBA6-7882-4298-B1CC-79967BC772D4}.Debug|Any CPU.Build.0 = Debug|Any CPU
		{4036EBA6-7882-4298-B1CC-79967BC772D4}.Release|Any CPU.ActiveCfg = Release|Any CPU
		{4036EBA6-7882-4298-B1CC-79967BC772D4}.Release|Any CPU.Build.0 = Release|Any CPU
		{16EF86F5-97B3-49BE-9B48-9D9B94A9C073}.Debug|Any CPU.ActiveCfg = Debug|Any CPU
		{16EF86F5-97B3-49BE-9B48-9D9B94A9C073}.Debug|Any CPU.Build.0 = Debug|Any CPU
		{16EF86F5-97B3-49BE-9B48-9D9B94A9C073}.Release|Any CPU.ActiveCfg = Release|Any CPU
		{16EF86F5-97B3-49BE-9B48-9D9B94A9C073}.Release|Any CPU.Build.0 = Release|Any CPU
		{7C9C9AF3-90AD-48A0-AACD-A5C687512FA6}.Debug|Any CPU.ActiveCfg = Debug|Any CPU
		{7C9C9AF3-90AD-48A0-AACD-A5C687512FA6}.Debug|Any CPU.Build.0 = Debug|Any CPU
		{7C9C9AF3-90AD-48A0-AACD-A5C687512FA6}.Release|Any CPU.ActiveCfg = Release|Any CPU
		{7C9C9AF3-90AD-48A0-AACD-A5C687512FA6}.Release|Any CPU.Build.0 = Release|Any CPU
		{4A544BE3-B697-46F5-B3F6-B357ECFF09CE}.Debug|Any CPU.ActiveCfg = Debug|Any CPU
		{4A544BE3-B697-46F5-B3F6-B357ECFF09CE}.Debug|Any CPU.Build.0 = Debug|Any CPU
		{4A544BE3-B697-46F5-B3F6-B357ECFF09CE}.Release|Any CPU.ActiveCfg = Release|Any CPU
		{4A544BE3-B697-46F5-B3F6-B357ECFF09CE}.Release|Any CPU.Build.0 = Release|Any CPU
	EndGlobalSection
	GlobalSection(SolutionProperties) = preSolution
		HideSolutionNode = FALSE
	EndGlobalSection
	GlobalSection(NestedProjects) = preSolution
		{00FC91E3-DC52-43B3-98B8-A28D0994D44B} = {4E8A77AF-18F9-481E-8EFF-77255A70B051}
		{4CA807D9-1381-4F20-8A18-6705EDBF980D} = {4E8A77AF-18F9-481E-8EFF-77255A70B051}
		{4036EBA6-7882-4298-B1CC-79967BC772D4} = {4E8A77AF-18F9-481E-8EFF-77255A70B051}
		{16EF86F5-97B3-49BE-9B48-9D9B94A9C073} = {4E8A77AF-18F9-481E-8EFF-77255A70B051}
		{7C9C9AF3-90AD-48A0-AACD-A5C687512FA6} = {4E8A77AF-18F9-481E-8EFF-77255A70B051}
		{4A544BE3-B697-46F5-B3F6-B357ECFF09CE} = {4E8A77AF-18F9-481E-8EFF-77255A70B051}
	EndGlobalSection
	GlobalSection(ExtensibilityGlobals) = postSolution
		SolutionGuid = {0255126F-745D-4420-95EB-12CB499B4D28}
	EndGlobalSection
EndGlobal
